# THIS IS AN AUTOGENERATED FILE. DO NOT EDIT THIS FILE DIRECTLY.
# yarn lockfile v1


any-promise@^1.0.0:
  version "1.3.0"
  resolved "https://registry.npmjs.org/any-promise/-/any-promise-1.3.0.tgz"
  integrity sha1-q8av7tzqUugJzcA3au0845Y10X8= sha512-7UvmKalWRt1wgjL1RrGxoSJW/0QZFIegpeGvZG9kjp8vrRu55XTHbwnqq2GpXm9uLbcuhxm3IqX9OB4MZR1b2A==

bindings@^1.3.0:
  version "1.5.0"
  resolved "https://registry.npmjs.org/bindings/-/bindings-1.5.0.tgz"
  integrity sha512-p2q/t/mhvuOj/UeLlV6566GD/guowlr0hHxClI0W9m7MWYkL1F0hLo+0Aexs9HSPCtR1SXQ0TD3MMKrXZajbiQ==
  dependencies:
    file-uri-to-path "1.0.0"

discord-rpc@discordjs/rpc:
  version "3.2.0"
  resolved "https://codeload.github.com/discordjs/rpc/tar.gz/32f1b9f8c47cf82ab87a83391ca9a9115513f01e"
  integrity sha512-aQwvM2vkNBHBY7fEIqRi8QcXz1+712E0E7XcIslpGIGtTPuqqHXv03FAeLkhhN4QQvdRenO9UUswIr+7RAWGww==
  dependencies:
    node-fetch "^2.6.1"
    ws "^7.3.1"
  optionalDependencies:
    register-scheme "github:devsnek/node-register-scheme"

file-uri-to-path@1.0.0:
  version "1.0.0"
  resolved "https://registry.npmjs.org/file-uri-to-path/-/file-uri-to-path-1.0.0.tgz"
  integrity sha512-0Zt+s3L7Vf1biwWZ29aARiVYLx7iMGnEUl9x33fbB/j3jR81u/O2LbqK+Bm1CDSNDKVtJ/YjwY7TUd5SkeLQLw==

mz@^2.7.0:
  version "2.7.0"
  resolved "https://registry.npmjs.org/mz/-/mz-2.7.0.tgz"
  integrity sha512-z81GNO7nnYMEhrGh9LeymoE4+Yr0Wn5McHIZMK5cfQCl+NDX08sCZgUc9/6MHni9IWuFLm1Z3HTCXu2z9fN62Q==
  dependencies:
    any-promise "^1.0.0"
    object-assign "^4.0.1"
    thenify-all "^1.0.0"

node-addon-api@^1.3.0:
  version "1.7.2"
  resolved "https://registry.npmjs.org/node-addon-api/-/node-addon-api-1.7.2.tgz"
  integrity sha512-ibPK3iA+vaY1eEjESkQkM0BbCqFOaZMiXRTtdB0u7b4djtY6JnsjvPdUHVMg6xQt3B8fpTTWHI9A+ADjM9frzg==

node-fetch@^2.6.1:
  version "2.6.1"
  resolved "https://registry.npmjs.org/node-fetch/-/node-fetch-2.6.1.tgz"
  integrity sha512-V4aYg89jEoVRxRb2fJdAg8FHvI7cEyYdVAh94HH0UIK8oJxUfkjlDQN9RbMx+bEjP7+ggMiFRprSti032Oipxw==

object-assign@^4.0.1:
  version "4.1.1"
  resolved "https://registry.npmjs.org/object-assign/-/object-assign-4.1.1.tgz"
  integrity sha1-IQmtx5ZYh8/AXLvUQsrIv7s2CGM= sha512-rJgTQnkUnH1sFw8yT6VSU3zD3sWmu6sZhIseY8VX+GRu3P6F7Fu+JNDoXfklElbLJSnc3FUQHVe4cU5hj+BcUg==

read-last-lines@^1.8.0:
  version "1.8.0"
  resolved "https://registry.npmjs.org/read-last-lines/-/read-last-lines-1.8.0.tgz"
  integrity sha512-oPL0cnZkhsO2xF7DBrdzVhXSNajPP5TzzCim/2IAjeGb17ArLLTRriI/ceV6Rook3L27mvbrOvLlf9xYYnaftQ==
  dependencies:
    mz "^2.7.0"

"register-scheme@github:devsnek/node-register-scheme":
  version "0.0.2"
  resolved "https://codeload.github.com/devsnek/node-register-scheme/tar.gz/e7cc9a63a1f512565da44cb57316d9fb10750e17"
  integrity sha512-M3LicGeo6qpH4f/dIOpKD68LK8XnjAzy+hdFH/6doSg50XaU5Pc7dJv3Xs15HPNJyI2EHIQe1JsRgxMvguQeZQ==
  dependencies:
    bindings "^1.3.0"
    node-addon-api "^1.3.0"

thenify-all@^1.0.0:
  version "1.6.0"
  resolved "https://registry.npmjs.org/thenify-all/-/thenify-all-1.6.0.tgz"
  integrity sha1-GhkY1ALY/D+Y+/I02wvMjMEOlyY= sha512-RNxQH/qI8/t3thXJDwcstUO4zeqo64+Uy/+sNVRBx4Xn2OX+OZ9oP+iJnNFqplFra2ZUVeKCSa2oVWi3T4uVmA==
  dependencies:
    thenify ">= 3.1.0 < 4"

"thenify@>= 3.1.0 < 4":
  version "3.3.1"
  resolved "https://registry.npmjs.org/thenify/-/thenify-3.3.1.tgz"
  integrity sha512-RVZSIV5IG10Hk3enotrhvz0T9em6cyHBLkH/YAZuKqd8hRkKhSfCGIcP2KUY0EPxndzANBmNllzWPwak+bheSw==
  dependencies:
    any-promise "^1.0.0"

ws@^7.3.1:
  version "7.4.5"
  resolved "https://registry.npmjs.org/ws/-/ws-7.4.5.tgz"
  integrity sha512-xzyu3hFvomRfXKH8vOFMU3OguG6oOvhXMo3xsGy3xWExqaM2dxBbVxuD99O7m3ZUFMvvscsZDqxfgMaRr/Nr1g==
